
Microsoft Visual Studio Solution File, Format Version 12.00
# Visual Studio Version 16
VisualStudioVersion = 16.0.30225.117
MinimumVisualStudioVersion = 10.0.40219.1
Project("{FAE04EC0-301F-11D3-BF4B-00C04F79EFBC}") = "API_ActividadesTrello", "API_ActividadesTrello\API_ActividadesTrello.csproj", "{9D19F8D7-6533-497F-8363-D80B033DAF16}"
EndProject
Global
	GlobalSection(SolutionConfigurationPlatforms) = preSolution
		Debug|Any CPU = Debug|Any CPU
		Release|Any CPU = Release|Any CPU
	EndGlobalSection
	GlobalSection(ProjectConfigurationPlatforms) = postSolution
		{9D19F8D7-6533-497F-8363-D80B033DAF16}.Debug|Any CPU.ActiveCfg = Debug|Any CPU
		{9D19F8D7-6533-497F-8363-D80B033DAF16}.Debug|Any CPU.Build.0 = Debug|Any CPU
		{9D19F8D7-6533-497F-8363-D80B033DAF16}.Release|Any CPU.ActiveCfg = Release|Any CPU
		{9D19F8D7-6533-497F-8363-D80B033DAF16}.Release|Any CPU.Build.0 = Release|Any CPU
	EndGlobalSection
	GlobalSection(SolutionProperties) = preSolution
		HideSolutionNode = FALSE
	EndGlobalSection
	GlobalSection(ExtensibilityGlobals) = postSolution
		SolutionGuid = {C8896683-EDA6-4901-8585-867EC15E2171}
	EndGlobalSection
EndGlobal
